
Microsoft Visual Studio Solution File, Format Version 12.00
# Visual Studio 2012
Project("{FAE04EC0-301F-11D3-BF4B-00C04F79EFBC}") = "Epi75WithTest", "Epi75WithTest\Epi75WithTest.csproj", "{C73603DF-8823-4E3D-AEE4-57810019299F}"
EndProject
Project("{FAE04EC0-301F-11D3-BF4B-00C04F79EFBC}") = "Epi75WithTest.Tests", "Epi75WithTest.Tests\Epi75WithTest.Tests.csproj", "{1249723B-95DD-47C9-908D-A787367904BD}"
EndProject
Project("{FAE04EC0-301F-11D3-BF4B-00C04F79EFBC}") = "Epi75WithTest.Core", "Epi75WithTest.Core\Epi75WithTest.Core.csproj", "{DF3E45C0-21F5-48E1-A26E-6D8936AE8664}"
EndProject
Global
	GlobalSection(SolutionConfigurationPlatforms) = preSolution
		Debug|Any CPU = Debug|Any CPU
		Release|Any CPU = Release|Any CPU
	EndGlobalSection
	GlobalSection(ProjectConfigurationPlatforms) = postSolution
		{C73603DF-8823-4E3D-AEE4-57810019299F}.Debug|Any CPU.ActiveCfg = Debug|Any CPU
		{C73603DF-8823-4E3D-AEE4-57810019299F}.Debug|Any CPU.Build.0 = Debug|Any CPU
		{C73603DF-8823-4E3D-AEE4-57810019299F}.Release|Any CPU.ActiveCfg = Release|Any CPU
		{C73603DF-8823-4E3D-AEE4-57810019299F}.Release|Any CPU.Build.0 = Release|Any CPU
		{1249723B-95DD-47C9-908D-A787367904BD}.Debug|Any CPU.ActiveCfg = Debug|Any CPU
		{1249723B-95DD-47C9-908D-A787367904BD}.Debug|Any CPU.Build.0 = Debug|Any CPU
		{1249723B-95DD-47C9-908D-A787367904BD}.Release|Any CPU.ActiveCfg = Release|Any CPU
		{1249723B-95DD-47C9-908D-A787367904BD}.Release|Any CPU.Build.0 = Release|Any CPU
		{DF3E45C0-21F5-48E1-A26E-6D8936AE8664}.Debug|Any CPU.ActiveCfg = Debug|Any CPU
		{DF3E45C0-21F5-48E1-A26E-6D8936AE8664}.Debug|Any CPU.Build.0 = Debug|Any CPU
		{DF3E45C0-21F5-48E1-A26E-6D8936AE8664}.Release|Any CPU.ActiveCfg = Release|Any CPU
		{DF3E45C0-21F5-48E1-A26E-6D8936AE8664}.Release|Any CPU.Build.0 = Release|Any CPU
	EndGlobalSection
	GlobalSection(SolutionProperties) = preSolution
		HideSolutionNode = FALSE
	EndGlobalSection
EndGlobal
